{
  "version": 4,
  "terraform_version": "1.14.3",
  "serial": 1,
  "lineage": "4776b4db-fb01-9bb5-cf13-34b51b57f41a",
  "outputs": {
    "location": {
      "value": "canadacentral",
      "type": "string"
    },
    "resource_group_name": {
      "value": "azure-3-tier-3tier-rg",
      "type": "string"
    }
  },
  "resources": [
    {
      "mode": "managed",
      "type": "azurerm_resource_group",
      "name": "rg",
      "provider": "provider[\"registry.terraform.io/hashicorp/azurerm\"]",
      "instances": [
        {
          "schema_version": 0,
          "attributes": {
            "id": "/subscriptions/a41b96b3-15df-4627-ab15-549060881c55/resourceGroups/azure-3-tier-3tier-rg",
            "location": "canadacentral",
            "managed_by": "",
            "name": "azure-3-tier-3tier-rg",
            "tags": null,
            "timeouts": null
          },
          "sensitive_attributes": [],
          "identity_schema_version": 0,
          "identity": {
            "name": "azure-3-tier-3tier-rg",
            "subscription_id": "a41b96b3-15df-4627-ab15-549060881c55"
          },
          "private": "eyJlMmJmYjczMC1lY2FhLTExZTYtOGY4OC0zNDM2M2JjN2M0YzAiOnsiY3JlYXRlIjo1NDAwMDAwMDAwMDAwLCJkZWxldGUiOjU0MDAwMDAwMDAwMDAsInJlYWQiOjMwMDAwMDAwMDAwMCwidXBkYXRlIjo1NDAwMDAwMDAwMDAwfX0="
        }
      ]
    }
  ],
  "check_results": null
}
